
Microsoft Visual Studio Solution File, Format Version 12.00
# Visual Studio Version 17
VisualStudioVersion = 17.6.33829.357
MinimumVisualStudioVersion = 10.0.40219.1
Project("{8BC9CEB8-8B4A-11D0-8D11-00A0C91BC942}") = "net_data_mon", "kernel\net_data_mon\net_data_mon.vcxproj", "{41EE2AEC-9FA9-4637-9FC2-0B7ABD7B05F4}"
	ProjectSection(ProjectDependencies) = postProject
		{0C286A13-25D9-4163-9895-5CB10343F041} = {0C286A13-25D9-4163-9895-5CB10343F041}
		{97E329EC-5767-4984-A1E3-4D64842E4B14} = {97E329EC-5767-4984-A1E3-4D64842E4B14}
		{A4E7ED26-FAF8-4A50-97BB-F319AC519683} = {A4E7ED26-FAF8-4A50-97BB-F319AC519683}
		{E6A27710-3C69-41EB-B969-FF256F5EDB71} = {E6A27710-3C69-41EB-B969-FF256F5EDB71}
	EndProjectSection
EndProject
Project("{8BC9CEB8-8B4A-11D0-8D11-00A0C91BC942}") = "nt", "kernel\helpers\nt\nt.vcxproj", "{0C286A13-25D9-4163-9895-5CB10343F041}"
EndProject
Project("{8BC9CEB8-8B4A-11D0-8D11-00A0C91BC942}") = "trace_logging", "kernel\helpers\trace_logging\trace_logging.vcxproj", "{A4E7ED26-FAF8-4A50-97BB-F319AC519683}"
EndProject
Project("{2150E333-8FDC-42A3-9474-1A3956D46DE8}") = "kernel", "kernel", "{C2A72255-28FF-433A-AA72-A07DAACBB649}"
EndProject
Project("{2150E333-8FDC-42A3-9474-1A3956D46DE8}") = "user", "user", "{C6804EE8-DF0C-483F-8422-A6F1B3F5AAC8}"
EndProject
Project("{8BC9CEB8-8B4A-11D0-8D11-00A0C91BC942}") = "flt", "kernel\helpers\flt\flt.vcxproj", "{97E329EC-5767-4984-A1E3-4D64842E4B14}"
EndProject
Project("{2150E333-8FDC-42A3-9474-1A3956D46DE8}") = "helpers", "helpers", "{964BB2C0-6173-47BB-B679-573BFF5142D9}"
EndProject
Project("{8BC9CEB8-8B4A-11D0-8D11-00A0C91BC942}") = "wfp", "kernel\helpers\wfp\wfp.vcxproj", "{E6A27710-3C69-41EB-B969-FF256F5EDB71}"
EndProject
Global
	GlobalSection(SolutionConfigurationPlatforms) = preSolution
		Debug|ARM64 = Debug|ARM64
		Debug|x64 = Debug|x64
		Release|ARM64 = Release|ARM64
		Release|x64 = Release|x64
	EndGlobalSection
	GlobalSection(ProjectConfigurationPlatforms) = postSolution
		{41EE2AEC-9FA9-4637-9FC2-0B7ABD7B05F4}.Debug|ARM64.ActiveCfg = Debug|ARM64
		{41EE2AEC-9FA9-4637-9FC2-0B7ABD7B05F4}.Debug|ARM64.Build.0 = Debug|ARM64
		{41EE2AEC-9FA9-4637-9FC2-0B7ABD7B05F4}.Debug|ARM64.Deploy.0 = Debug|ARM64
		{41EE2AEC-9FA9-4637-9FC2-0B7ABD7B05F4}.Debug|x64.ActiveCfg = Debug|x64
		{41EE2AEC-9FA9-4637-9FC2-0B7ABD7B05F4}.Debug|x64.Build.0 = Debug|x64
		{41EE2AEC-9FA9-4637-9FC2-0B7ABD7B05F4}.Debug|x64.Deploy.0 = Debug|x64
		{41EE2AEC-9FA9-4637-9FC2-0B7ABD7B05F4}.Release|ARM64.ActiveCfg = Release|ARM64
		{41EE2AEC-9FA9-4637-9FC2-0B7ABD7B05F4}.Release|ARM64.Build.0 = Release|ARM64
		{41EE2AEC-9FA9-4637-9FC2-0B7ABD7B05F4}.Release|ARM64.Deploy.0 = Release|ARM64
		{41EE2AEC-9FA9-4637-9FC2-0B7ABD7B05F4}.Release|x64.ActiveCfg = Release|x64
		{41EE2AEC-9FA9-4637-9FC2-0B7ABD7B05F4}.Release|x64.Build.0 = Release|x64
		{41EE2AEC-9FA9-4637-9FC2-0B7ABD7B05F4}.Release|x64.Deploy.0 = Release|x64
		{0C286A13-25D9-4163-9895-5CB10343F041}.Debug|ARM64.ActiveCfg = Debug|ARM64
		{0C286A13-25D9-4163-9895-5CB10343F041}.Debug|ARM64.Build.0 = Debug|ARM64
		{0C286A13-25D9-4163-9895-5CB10343F041}.Debug|ARM64.Deploy.0 = Debug|ARM64
		{0C286A13-25D9-4163-9895-5CB10343F041}.Debug|x64.ActiveCfg = Debug|x64
		{0C286A13-25D9-4163-9895-5CB10343F041}.Debug|x64.Build.0 = Debug|x64
		{0C286A13-25D9-4163-9895-5CB10343F041}.Debug|x64.Deploy.0 = Debug|x64
		{0C286A13-25D9-4163-9895-5CB10343F041}.Release|ARM64.ActiveCfg = Release|ARM64
		{0C286A13-25D9-4163-9895-5CB10343F041}.Release|ARM64.Build.0 = Release|ARM64
		{0C286A13-25D9-4163-9895-5CB10343F041}.Release|ARM64.Deploy.0 = Release|ARM64
		{0C286A13-25D9-4163-9895-5CB10343F041}.Release|x64.ActiveCfg = Release|x64
		{0C286A13-25D9-4163-9895-5CB10343F041}.Release|x64.Build.0 = Release|x64
		{0C286A13-25D9-4163-9895-5CB10343F041}.Release|x64.Deploy.0 = Release|x64
		{A4E7ED26-FAF8-4A50-97BB-F319AC519683}.Debug|ARM64.ActiveCfg = Debug|ARM64
		{A4E7ED26-FAF8-4A50-97BB-F319AC519683}.Debug|ARM64.Build.0 = Debug|ARM64
		{A4E7ED26-FAF8-4A50-97BB-F319AC519683}.Debug|ARM64.Deploy.0 = Debug|ARM64
		{A4E7ED26-FAF8-4A50-97BB-F319AC519683}.Debug|x64.ActiveCfg = Debug|x64
		{A4E7ED26-FAF8-4A50-97BB-F319AC519683}.Debug|x64.Build.0 = Debug|x64
		{A4E7ED26-FAF8-4A50-97BB-F319AC519683}.Debug|x64.Deploy.0 = Debug|x64
		{A4E7ED26-FAF8-4A50-97BB-F319AC519683}.Release|ARM64.ActiveCfg = Release|ARM64
		{A4E7ED26-FAF8-4A50-97BB-F319AC519683}.Release|ARM64.Build.0 = Release|ARM64
		{A4E7ED26-FAF8-4A50-97BB-F319AC519683}.Release|ARM64.Deploy.0 = Release|ARM64
		{A4E7ED26-FAF8-4A50-97BB-F319AC519683}.Release|x64.ActiveCfg = Release|x64
		{A4E7ED26-FAF8-4A50-97BB-F319AC519683}.Release|x64.Build.0 = Release|x64
		{A4E7ED26-FAF8-4A50-97BB-F319AC519683}.Release|x64.Deploy.0 = Release|x64
		{97E329EC-5767-4984-A1E3-4D64842E4B14}.Debug|ARM64.ActiveCfg = Debug|ARM64
		{97E329EC-5767-4984-A1E3-4D64842E4B14}.Debug|ARM64.Build.0 = Debug|ARM64
		{97E329EC-5767-4984-A1E3-4D64842E4B14}.Debug|ARM64.Deploy.0 = Debug|ARM64
		{97E329EC-5767-4984-A1E3-4D64842E4B14}.Debug|x64.ActiveCfg = Debug|x64
		{97E329EC-5767-4984-A1E3-4D64842E4B14}.Debug|x64.Build.0 = Debug|x64
		{97E329EC-5767-4984-A1E3-4D64842E4B14}.Debug|x64.Deploy.0 = Debug|x64
		{97E329EC-5767-4984-A1E3-4D64842E4B14}.Release|ARM64.ActiveCfg = Release|ARM64
		{97E329EC-5767-4984-A1E3-4D64842E4B14}.Release|ARM64.Build.0 = Release|ARM64
		{97E329EC-5767-4984-A1E3-4D64842E4B14}.Release|ARM64.Deploy.0 = Release|ARM64
		{97E329EC-5767-4984-A1E3-4D64842E4B14}.Release|x64.ActiveCfg = Release|x64
		{97E329EC-5767-4984-A1E3-4D64842E4B14}.Release|x64.Build.0 = Release|x64
		{97E329EC-5767-4984-A1E3-4D64842E4B14}.Release|x64.Deploy.0 = Release|x64
		{E6A27710-3C69-41EB-B969-FF256F5EDB71}.Debug|ARM64.ActiveCfg = Debug|ARM64
		{E6A27710-3C69-41EB-B969-FF256F5EDB71}.Debug|ARM64.Build.0 = Debug|ARM64
		{E6A27710-3C69-41EB-B969-FF256F5EDB71}.Debug|ARM64.Deploy.0 = Debug|ARM64
		{E6A27710-3C69-41EB-B969-FF256F5EDB71}.Debug|x64.ActiveCfg = Debug|x64
		{E6A27710-3C69-41EB-B969-FF256F5EDB71}.Debug|x64.Build.0 = Debug|x64
		{E6A27710-3C69-41EB-B969-FF256F5EDB71}.Debug|x64.Deploy.0 = Debug|x64
		{E6A27710-3C69-41EB-B969-FF256F5EDB71}.Release|ARM64.ActiveCfg = Release|ARM64
		{E6A27710-3C69-41EB-B969-FF256F5EDB71}.Release|ARM64.Build.0 = Release|ARM64
		{E6A27710-3C69-41EB-B969-FF256F5EDB71}.Release|ARM64.Deploy.0 = Release|ARM64
		{E6A27710-3C69-41EB-B969-FF256F5EDB71}.Release|x64.ActiveCfg = Release|x64
		{E6A27710-3C69-41EB-B969-FF256F5EDB71}.Release|x64.Build.0 = Release|x64
		{E6A27710-3C69-41EB-B969-FF256F5EDB71}.Release|x64.Deploy.0 = Release|x64
	EndGlobalSection
	GlobalSection(SolutionProperties) = preSolution
		HideSolutionNode = FALSE
	EndGlobalSection
	GlobalSection(NestedProjects) = preSolution
		{41EE2AEC-9FA9-4637-9FC2-0B7ABD7B05F4} = {C2A72255-28FF-433A-AA72-A07DAACBB649}
		{0C286A13-25D9-4163-9895-5CB10343F041} = {964BB2C0-6173-47BB-B679-573BFF5142D9}
		{A4E7ED26-FAF8-4A50-97BB-F319AC519683} = {964BB2C0-6173-47BB-B679-573BFF5142D9}
		{97E329EC-5767-4984-A1E3-4D64842E4B14} = {964BB2C0-6173-47BB-B679-573BFF5142D9}
		{964BB2C0-6173-47BB-B679-573BFF5142D9} = {C2A72255-28FF-433A-AA72-A07DAACBB649}
		{E6A27710-3C69-41EB-B969-FF256F5EDB71} = {964BB2C0-6173-47BB-B679-573BFF5142D9}
	EndGlobalSection
	GlobalSection(ExtensibilityGlobals) = postSolution
		SolutionGuid = {21A35596-87E4-4FA5-90F8-EDF10A4E0649}
	EndGlobalSection
EndGlobal
